
Microsoft Visual Studio Solution File, Format Version 12.00
# Visual Studio Version 17
VisualStudioVersion = 17.3.32929.385
MinimumVisualStudioVersion = 10.0.40219.1
Project("{F184B08F-C81C-45F6-A57F-5ABD9991F28F}") = "Catetin", "Catetin\Catetin.vbproj", "{6BC7E78C-8A17-402F-8F5D-79D984CBD827}"
EndProject
Global
	GlobalSection(SolutionConfigurationPlatforms) = preSolution
		Debug|Any CPU = Debug|Any CPU
		Release|Any CPU = Release|Any CPU
	EndGlobalSection
	GlobalSection(ProjectConfigurationPlatforms) = postSolution
		{6BC7E78C-8A17-402F-8F5D-79D984CBD827}.Debug|Any CPU.ActiveCfg = Debug|Any CPU
		{6BC7E78C-8A17-402F-8F5D-79D984CBD827}.Debug|Any CPU.Build.0 = Debug|Any CPU
		{6BC7E78C-8A17-402F-8F5D-79D984CBD827}.Release|Any CPU.ActiveCfg = Release|Any CPU
		{6BC7E78C-8A17-402F-8F5D-79D984CBD827}.Release|Any CPU.Build.0 = Release|Any CPU
	EndGlobalSection
	GlobalSection(SolutionProperties) = preSolution
		HideSolutionNode = FALSE
	EndGlobalSection
	GlobalSection(ExtensibilityGlobals) = postSolution
		SolutionGuid = {E11F1CFC-1F0C-4687-AB29-4774B2DC6A3D}
	EndGlobalSection
EndGlobal
